
Microsoft Visual Studio Solution File, Format Version 12.00
# Visual Studio 14
VisualStudioVersion = 14.0.23107.0
MinimumVisualStudioVersion = 10.0.40219.1
Project("{FAE04EC0-301F-11D3-BF4B-00C04F79EFBC}") = "HultPrizeAt", "HultPrizeAt\HultPrizeAt.csproj", "{0FAC901F-CE56-4665-BBAD-D9F0C611233C}"
EndProject
Project("{FAE04EC0-301F-11D3-BF4B-00C04F79EFBC}") = "HultPrizeBusiness", "..\..\HultPrizeBusiness\HultPrizeBusiness.csproj", "{A0D5FA3E-015C-42BD-889C-27BBC8EB77D6}"
EndProject
Project("{FAE04EC0-301F-11D3-BF4B-00C04F79EFBC}") = "HultPrizeData", "..\..\HultPrizeData\HultPrizeData.csproj", "{9F9C06B1-7512-473B-A00D-94CC843E7C3A}"
EndProject
Project("{FAE04EC0-301F-11D3-BF4B-00C04F79EFBC}") = "HultPrizeDatabase", "..\..\HultPrizeDatabase\HultPrizeDatabase.csproj", "{EC8C670E-F1EC-4CE5-831F-18910F72A54B}"
EndProject
Project("{FAE04EC0-301F-11D3-BF4B-00C04F79EFBC}") = "CommonCode", "..\..\Common\CommonCode\CommonCode.csproj", "{66A3D68A-FE52-4DA1-985B-70445018B69D}"
EndProject
Project("{FAE04EC0-301F-11D3-BF4B-00C04F79EFBC}") = "DatabaseDriver", "..\..\Database\DatabaseDriver\DatabaseDriver.csproj", "{2FD7CD14-8712-4BD4-98DC-8C2F879AC104}"
EndProject
Project("{FAE04EC0-301F-11D3-BF4B-00C04F79EFBC}") = "WebCommon", "..\..\Common\WebCommon\WebCommon.csproj", "{74F78A8A-A397-47B9-9755-59BA8EBDDF23}"
EndProject
Project("{FAE04EC0-301F-11D3-BF4B-00C04F79EFBC}") = "WebServiceCommon", "..\..\Common\WebServiceCommon\WebServiceCommon.csproj", "{A3BEB719-D785-4498-AAF5-0DE8F829800C}"
EndProject
Project("{FAE04EC0-301F-11D3-BF4B-00C04F79EFBC}") = "WebSvc_FileServer", "..\..\Web Services\WebSvc_FileServer\WebSvc_FileServer.csproj", "{186C915A-633C-4DCC-955F-A70771D790F6}"
EndProject
Global
	GlobalSection(SolutionConfigurationPlatforms) = preSolution
		Debug|Any CPU = Debug|Any CPU
		Debug|x64 = Debug|x64
		Debug|x86 = Debug|x86
		Development|Any CPU = Development|Any CPU
		Development|x64 = Development|x64
		Development|x86 = Development|x86
		Greg|Any CPU = Greg|Any CPU
		Greg|x64 = Greg|x64
		Greg|x86 = Greg|x86
		Production|Any CPU = Production|Any CPU
		Production|x64 = Production|x64
		Production|x86 = Production|x86
		Publish|Any CPU = Publish|Any CPU
		Publish|x64 = Publish|x64
		Publish|x86 = Publish|x86
		Release|Any CPU = Release|Any CPU
		Release|x64 = Release|x64
		Release|x86 = Release|x86
		Staging|Any CPU = Staging|Any CPU
		Staging|x64 = Staging|x64
		Staging|x86 = Staging|x86
	EndGlobalSection
	GlobalSection(ProjectConfigurationPlatforms) = postSolution
		{0FAC901F-CE56-4665-BBAD-D9F0C611233C}.Debug|Any CPU.ActiveCfg = Debug|Any CPU
		{0FAC901F-CE56-4665-BBAD-D9F0C611233C}.Debug|Any CPU.Build.0 = Debug|Any CPU
		{0FAC901F-CE56-4665-BBAD-D9F0C611233C}.Debug|x64.ActiveCfg = Debug|Any CPU
		{0FAC901F-CE56-4665-BBAD-D9F0C611233C}.Debug|x64.Build.0 = Debug|Any CPU
		{0FAC901F-CE56-4665-BBAD-D9F0C611233C}.Debug|x86.ActiveCfg = Debug|Any CPU
		{0FAC901F-CE56-4665-BBAD-D9F0C611233C}.Debug|x86.Build.0 = Debug|Any CPU
		{0FAC901F-CE56-4665-BBAD-D9F0C611233C}.Development|Any CPU.ActiveCfg = Development|Any CPU
		{0FAC901F-CE56-4665-BBAD-D9F0C611233C}.Development|Any CPU.Build.0 = Development|Any CPU
		{0FAC901F-CE56-4665-BBAD-D9F0C611233C}.Development|x64.ActiveCfg = Development|Any CPU
		{0FAC901F-CE56-4665-BBAD-D9F0C611233C}.Development|x64.Build.0 = Development|Any CPU
		{0FAC901F-CE56-4665-BBAD-D9F0C611233C}.Development|x86.ActiveCfg = Development|Any CPU
		{0FAC901F-CE56-4665-BBAD-D9F0C611233C}.Development|x86.Build.0 = Development|Any CPU
		{0FAC901F-CE56-4665-BBAD-D9F0C611233C}.Greg|Any CPU.ActiveCfg = Release|Any CPU
		{0FAC901F-CE56-4665-BBAD-D9F0C611233C}.Greg|Any CPU.Build.0 = Release|Any CPU
		{0FAC901F-CE56-4665-BBAD-D9F0C611233C}.Greg|x64.ActiveCfg = Production|Any CPU
		{0FAC901F-CE56-4665-BBAD-D9F0C611233C}.Greg|x64.Build.0 = Production|Any CPU
		{0FAC901F-CE56-4665-BBAD-D9F0C611233C}.Greg|x86.ActiveCfg = Production|Any CPU
		{0FAC901F-CE56-4665-BBAD-D9F0C611233C}.Greg|x86.Build.0 = Production|Any CPU
		{0FAC901F-CE56-4665-BBAD-D9F0C611233C}.Production|Any CPU.ActiveCfg = Production|Any CPU
		{0FAC901F-CE56-4665-BBAD-D9F0C611233C}.Production|Any CPU.Build.0 = Production|Any CPU
		{0FAC901F-CE56-4665-BBAD-D9F0C611233C}.Production|x64.ActiveCfg = Production|Any CPU
		{0FAC901F-CE56-4665-BBAD-D9F0C611233C}.Production|x64.Build.0 = Production|Any CPU
		{0FAC901F-CE56-4665-BBAD-D9F0C611233C}.Production|x86.ActiveCfg = Production|Any CPU
		{0FAC901F-CE56-4665-BBAD-D9F0C611233C}.Production|x86.Build.0 = Production|Any CPU
		{0FAC901F-CE56-4665-BBAD-D9F0C611233C}.Publish|Any CPU.ActiveCfg = Production|Any CPU
		{0FAC901F-CE56-4665-BBAD-D9F0C611233C}.Publish|Any CPU.Build.0 = Production|Any CPU
		{0FAC901F-CE56-4665-BBAD-D9F0C611233C}.Publish|x64.ActiveCfg = Production|Any CPU
		{0FAC901F-CE56-4665-BBAD-D9F0C611233C}.Publish|x64.Build.0 = Production|Any CPU
		{0FAC901F-CE56-4665-BBAD-D9F0C611233C}.Publish|x86.ActiveCfg = Production|Any CPU
		{0FAC901F-CE56-4665-BBAD-D9F0C611233C}.Publish|x86.Build.0 = Production|Any CPU
		{0FAC901F-CE56-4665-BBAD-D9F0C611233C}.Release|Any CPU.ActiveCfg = Release|Any CPU
		{0FAC901F-CE56-4665-BBAD-D9F0C611233C}.Release|Any CPU.Build.0 = Release|Any CPU
		{0FAC901F-CE56-4665-BBAD-D9F0C611233C}.Release|x64.ActiveCfg = Release|Any CPU
		{0FAC901F-CE56-4665-BBAD-D9F0C611233C}.Release|x64.Build.0 = Release|Any CPU
		{0FAC901F-CE56-4665-BBAD-D9F0C611233C}.Release|x86.ActiveCfg = Release|Any CPU
		{0FAC901F-CE56-4665-BBAD-D9F0C611233C}.Release|x86.Build.0 = Release|Any CPU
		{0FAC901F-CE56-4665-BBAD-D9F0C611233C}.Staging|Any CPU.ActiveCfg = Production|Any CPU
		{0FAC901F-CE56-4665-BBAD-D9F0C611233C}.Staging|Any CPU.Build.0 = Production|Any CPU
		{0FAC901F-CE56-4665-BBAD-D9F0C611233C}.Staging|x64.ActiveCfg = Production|Any CPU
		{0FAC901F-CE56-4665-BBAD-D9F0C611233C}.Staging|x64.Build.0 = Production|Any CPU
		{0FAC901F-CE56-4665-BBAD-D9F0C611233C}.Staging|x86.ActiveCfg = Production|Any CPU
		{0FAC901F-CE56-4665-BBAD-D9F0C611233C}.Staging|x86.Build.0 = Production|Any CPU
		{A0D5FA3E-015C-42BD-889C-27BBC8EB77D6}.Debug|Any CPU.ActiveCfg = Debug|Any CPU
		{A0D5FA3E-015C-42BD-889C-27BBC8EB77D6}.Debug|Any CPU.Build.0 = Debug|Any CPU
		{A0D5FA3E-015C-42BD-889C-27BBC8EB77D6}.Debug|x64.ActiveCfg = Debug|Any CPU
		{A0D5FA3E-015C-42BD-889C-27BBC8EB77D6}.Debug|x64.Build.0 = Debug|Any CPU
		{A0D5FA3E-015C-42BD-889C-27BBC8EB77D6}.Debug|x86.ActiveCfg = Debug|Any CPU
		{A0D5FA3E-015C-42BD-889C-27BBC8EB77D6}.Debug|x86.Build.0 = Debug|Any CPU
		{A0D5FA3E-015C-42BD-889C-27BBC8EB77D6}.Development|Any CPU.ActiveCfg = Debug|Any CPU
		{A0D5FA3E-015C-42BD-889C-27BBC8EB77D6}.Development|Any CPU.Build.0 = Debug|Any CPU
		{A0D5FA3E-015C-42BD-889C-27BBC8EB77D6}.Development|x64.ActiveCfg = Debug|Any CPU
		{A0D5FA3E-015C-42BD-889C-27BBC8EB77D6}.Development|x64.Build.0 = Debug|Any CPU
		{A0D5FA3E-015C-42BD-889C-27BBC8EB77D6}.Development|x86.ActiveCfg = Debug|Any CPU
		{A0D5FA3E-015C-42BD-889C-27BBC8EB77D6}.Development|x86.Build.0 = Debug|Any CPU
		{A0D5FA3E-015C-42BD-889C-27BBC8EB77D6}.Greg|Any CPU.ActiveCfg = Release|Any CPU
		{A0D5FA3E-015C-42BD-889C-27BBC8EB77D6}.Greg|Any CPU.Build.0 = Release|Any CPU
		{A0D5FA3E-015C-42BD-889C-27BBC8EB77D6}.Greg|x64.ActiveCfg = Release|Any CPU
		{A0D5FA3E-015C-42BD-889C-27BBC8EB77D6}.Greg|x64.Build.0 = Release|Any CPU
		{A0D5FA3E-015C-42BD-889C-27BBC8EB77D6}.Greg|x86.ActiveCfg = Release|Any CPU
		{A0D5FA3E-015C-42BD-889C-27BBC8EB77D6}.Greg|x86.Build.0 = Release|Any CPU
		{A0D5FA3E-015C-42BD-889C-27BBC8EB77D6}.Production|Any CPU.ActiveCfg = Release|Any CPU
		{A0D5FA3E-015C-42BD-889C-27BBC8EB77D6}.Production|Any CPU.Build.0 = Release|Any CPU
		{A0D5FA3E-015C-42BD-889C-27BBC8EB77D6}.Production|x64.ActiveCfg = Release|Any CPU
		{A0D5FA3E-015C-42BD-889C-27BBC8EB77D6}.Production|x64.Build.0 = Release|Any CPU
		{A0D5FA3E-015C-42BD-889C-27BBC8EB77D6}.Production|x86.ActiveCfg = Release|Any CPU
		{A0D5FA3E-015C-42BD-889C-27BBC8EB77D6}.Production|x86.Build.0 = Release|Any CPU
		{A0D5FA3E-015C-42BD-889C-27BBC8EB77D6}.Publish|Any CPU.ActiveCfg = Release|Any CPU
		{A0D5FA3E-015C-42BD-889C-27BBC8EB77D6}.Publish|Any CPU.Build.0 = Release|Any CPU
		{A0D5FA3E-015C-42BD-889C-27BBC8EB77D6}.Publish|x64.ActiveCfg = Release|Any CPU
		{A0D5FA3E-015C-42BD-889C-27BBC8EB77D6}.Publish|x64.Build.0 = Release|Any CPU
		{A0D5FA3E-015C-42BD-889C-27BBC8EB77D6}.Publish|x86.ActiveCfg = Release|Any CPU
		{A0D5FA3E-015C-42BD-889C-27BBC8EB77D6}.Publish|x86.Build.0 = Release|Any CPU
		{A0D5FA3E-015C-42BD-889C-27BBC8EB77D6}.Release|Any CPU.ActiveCfg = Release|Any CPU
		{A0D5FA3E-015C-42BD-889C-27BBC8EB77D6}.Release|Any CPU.Build.0 = Release|Any CPU
		{A0D5FA3E-015C-42BD-889C-27BBC8EB77D6}.Release|x64.ActiveCfg = Release|Any CPU
		{A0D5FA3E-015C-42BD-889C-27BBC8EB77D6}.Release|x64.Build.0 = Release|Any CPU
		{A0D5FA3E-015C-42BD-889C-27BBC8EB77D6}.Release|x86.ActiveCfg = Release|Any CPU
		{A0D5FA3E-015C-42BD-889C-27BBC8EB77D6}.Release|x86.Build.0 = Release|Any CPU
		{A0D5FA3E-015C-42BD-889C-27BBC8EB77D6}.Staging|Any CPU.ActiveCfg = Release|Any CPU
		{A0D5FA3E-015C-42BD-889C-27BBC8EB77D6}.Staging|Any CPU.Build.0 = Release|Any CPU
		{A0D5FA3E-015C-42BD-889C-27BBC8EB77D6}.Staging|x64.ActiveCfg = Release|Any CPU
		{A0D5FA3E-015C-42BD-889C-27BBC8EB77D6}.Staging|x64.Build.0 = Release|Any CPU
		{A0D5FA3E-015C-42BD-889C-27BBC8EB77D6}.Staging|x86.ActiveCfg = Release|Any CPU
		{A0D5FA3E-015C-42BD-889C-27BBC8EB77D6}.Staging|x86.Build.0 = Release|Any CPU
		{9F9C06B1-7512-473B-A00D-94CC843E7C3A}.Debug|Any CPU.ActiveCfg = Debug|Any CPU
		{9F9C06B1-7512-473B-A00D-94CC843E7C3A}.Debug|Any CPU.Build.0 = Debug|Any CPU
		{9F9C06B1-7512-473B-A00D-94CC843E7C3A}.Debug|x64.ActiveCfg = Debug|Any CPU
		{9F9C06B1-7512-473B-A00D-94CC843E7C3A}.Debug|x64.Build.0 = Debug|Any CPU
		{9F9C06B1-7512-473B-A00D-94CC843E7C3A}.Debug|x86.ActiveCfg = Debug|Any CPU
		{9F9C06B1-7512-473B-A00D-94CC843E7C3A}.Debug|x86.Build.0 = Debug|Any CPU
		{9F9C06B1-7512-473B-A00D-94CC843E7C3A}.Development|Any CPU.ActiveCfg = Debug|Any CPU
		{9F9C06B1-7512-473B-A00D-94CC843E7C3A}.Development|Any CPU.Build.0 = Debug|Any CPU
		{9F9C06B1-7512-473B-A00D-94CC843E7C3A}.Development|x64.ActiveCfg = Debug|Any CPU
		{9F9C06B1-7512-473B-A00D-94CC843E7C3A}.Development|x64.Build.0 = Debug|Any CPU
		{9F9C06B1-7512-473B-A00D-94CC843E7C3A}.Development|x86.ActiveCfg = Debug|Any CPU
		{9F9C06B1-7512-473B-A00D-94CC843E7C3A}.Development|x86.Build.0 = Debug|Any CPU
		{9F9C06B1-7512-473B-A00D-94CC843E7C3A}.Greg|Any CPU.ActiveCfg = Release|Any CPU
		{9F9C06B1-7512-473B-A00D-94CC843E7C3A}.Greg|Any CPU.Build.0 = Release|Any CPU
		{9F9C06B1-7512-473B-A00D-94CC843E7C3A}.Greg|x64.ActiveCfg = Release|Any CPU
		{9F9C06B1-7512-473B-A00D-94CC843E7C3A}.Greg|x64.Build.0 = Release|Any CPU
		{9F9C06B1-7512-473B-A00D-94CC843E7C3A}.Greg|x86.ActiveCfg = Release|Any CPU
		{9F9C06B1-7512-473B-A00D-94CC843E7C3A}.Greg|x86.Build.0 = Release|Any CPU
		{9F9C06B1-7512-473B-A00D-94CC843E7C3A}.Production|Any CPU.ActiveCfg = Release|Any CPU
		{9F9C06B1-7512-473B-A00D-94CC843E7C3A}.Production|Any CPU.Build.0 = Release|Any CPU
		{9F9C06B1-7512-473B-A00D-94CC843E7C3A}.Production|x64.ActiveCfg = Release|Any CPU
		{9F9C06B1-7512-473B-A00D-94CC843E7C3A}.Production|x64.Build.0 = Release|Any CPU
		{9F9C06B1-7512-473B-A00D-94CC843E7C3A}.Production|x86.ActiveCfg = Release|Any CPU
		{9F9C06B1-7512-473B-A00D-94CC843E7C3A}.Production|x86.Build.0 = Release|Any CPU
		{9F9C06B1-7512-473B-A00D-94CC843E7C3A}.Publish|Any CPU.ActiveCfg = Release|Any CPU
		{9F9C06B1-7512-473B-A00D-94CC843E7C3A}.Publish|Any CPU.Build.0 = Release|Any CPU
		{9F9C06B1-7512-473B-A00D-94CC843E7C3A}.Publish|x64.ActiveCfg = Release|Any CPU
		{9F9C06B1-7512-473B-A00D-94CC843E7C3A}.Publish|x64.Build.0 = Release|Any CPU
		{9F9C06B1-7512-473B-A00D-94CC843E7C3A}.Publish|x86.ActiveCfg = Release|Any CPU
		{9F9C06B1-7512-473B-A00D-94CC843E7C3A}.Publish|x86.Build.0 = Release|Any CPU
		{9F9C06B1-7512-473B-A00D-94CC843E7C3A}.Release|Any CPU.ActiveCfg = Release|Any CPU
		{9F9C06B1-7512-473B-A00D-94CC843E7C3A}.Release|Any CPU.Build.0 = Release|Any CPU
		{9F9C06B1-7512-473B-A00D-94CC843E7C3A}.Release|x64.ActiveCfg = Release|Any CPU
		{9F9C06B1-7512-473B-A00D-94CC843E7C3A}.Release|x64.Build.0 = Release|Any CPU
		{9F9C06B1-7512-473B-A00D-94CC843E7C3A}.Release|x86.ActiveCfg = Release|Any CPU
		{9F9C06B1-7512-473B-A00D-94CC843E7C3A}.Release|x86.Build.0 = Release|Any CPU
		{9F9C06B1-7512-473B-A00D-94CC843E7C3A}.Staging|Any CPU.ActiveCfg = Release|Any CPU
		{9F9C06B1-7512-473B-A00D-94CC843E7C3A}.Staging|Any CPU.Build.0 = Release|Any CPU
		{9F9C06B1-7512-473B-A00D-94CC843E7C3A}.Staging|x64.ActiveCfg = Release|Any CPU
		{9F9C06B1-7512-473B-A00D-94CC843E7C3A}.Staging|x64.Build.0 = Release|Any CPU
		{9F9C06B1-7512-473B-A00D-94CC843E7C3A}.Staging|x86.ActiveCfg = Release|Any CPU
		{9F9C06B1-7512-473B-A00D-94CC843E7C3A}.Staging|x86.Build.0 = Release|Any CPU
		{EC8C670E-F1EC-4CE5-831F-18910F72A54B}.Debug|Any CPU.ActiveCfg = Debug|Any CPU
		{EC8C670E-F1EC-4CE5-831F-18910F72A54B}.Debug|Any CPU.Build.0 = Debug|Any CPU
		{EC8C670E-F1EC-4CE5-831F-18910F72A54B}.Debug|x64.ActiveCfg = Debug|Any CPU
		{EC8C670E-F1EC-4CE5-831F-18910F72A54B}.Debug|x64.Build.0 = Debug|Any CPU
		{EC8C670E-F1EC-4CE5-831F-18910F72A54B}.Debug|x86.ActiveCfg = Debug|Any CPU
		{EC8C670E-F1EC-4CE5-831F-18910F72A54B}.Debug|x86.Build.0 = Debug|Any CPU
		{EC8C670E-F1EC-4CE5-831F-18910F72A54B}.Development|Any CPU.ActiveCfg = Debug|Any CPU
		{EC8C670E-F1EC-4CE5-831F-18910F72A54B}.Development|Any CPU.Build.0 = Debug|Any CPU
		{EC8C670E-F1EC-4CE5-831F-18910F72A54B}.Development|x64.ActiveCfg = Debug|Any CPU
		{EC8C670E-F1EC-4CE5-831F-18910F72A54B}.Development|x64.Build.0 = Debug|Any CPU
		{EC8C670E-F1EC-4CE5-831F-18910F72A54B}.Development|x86.ActiveCfg = Debug|Any CPU
		{EC8C670E-F1EC-4CE5-831F-18910F72A54B}.Development|x86.Build.0 = Debug|Any CPU
		{EC8C670E-F1EC-4CE5-831F-18910F72A54B}.Greg|Any CPU.ActiveCfg = Release|Any CPU
		{EC8C670E-F1EC-4CE5-831F-18910F72A54B}.Greg|Any CPU.Build.0 = Release|Any CPU
		{EC8C670E-F1EC-4CE5-831F-18910F72A54B}.Greg|x64.ActiveCfg = Release|Any CPU
		{EC8C670E-F1EC-4CE5-831F-18910F72A54B}.Greg|x64.Build.0 = Release|Any CPU
		{EC8C670E-F1EC-4CE5-831F-18910F72A54B}.Greg|x86.ActiveCfg = Release|Any CPU
		{EC8C670E-F1EC-4CE5-831F-18910F72A54B}.Greg|x86.Build.0 = Release|Any CPU
		{EC8C670E-F1EC-4CE5-831F-18910F72A54B}.Production|Any CPU.ActiveCfg = Release|Any CPU
		{EC8C670E-F1EC-4CE5-831F-18910F72A54B}.Production|Any CPU.Build.0 = Release|Any CPU
		{EC8C670E-F1EC-4CE5-831F-18910F72A54B}.Production|x64.ActiveCfg = Release|Any CPU
		{EC8C670E-F1EC-4CE5-831F-18910F72A54B}.Production|x64.Build.0 = Release|Any CPU
		{EC8C670E-F1EC-4CE5-831F-18910F72A54B}.Production|x86.ActiveCfg = Release|Any CPU
		{EC8C670E-F1EC-4CE5-831F-18910F72A54B}.Production|x86.Build.0 = Release|Any CPU
		{EC8C670E-F1EC-4CE5-831F-18910F72A54B}.Publish|Any CPU.ActiveCfg = Release|Any CPU
		{EC8C670E-F1EC-4CE5-831F-18910F72A54B}.Publish|Any CPU.Build.0 = Release|Any CPU
		{EC8C670E-F1EC-4CE5-831F-18910F72A54B}.Publish|x64.ActiveCfg = Release|Any CPU
		{EC8C670E-F1EC-4CE5-831F-18910F72A54B}.Publish|x64.Build.0 = Release|Any CPU
		{EC8C670E-F1EC-4CE5-831F-18910F72A54B}.Publish|x86.ActiveCfg = Release|Any CPU
		{EC8C670E-F1EC-4CE5-831F-18910F72A54B}.Publish|x86.Build.0 = Release|Any CPU
		{EC8C670E-F1EC-4CE5-831F-18910F72A54B}.Release|Any CPU.ActiveCfg = Release|Any CPU
		{EC8C670E-F1EC-4CE5-831F-18910F72A54B}.Release|Any CPU.Build.0 = Release|Any CPU
		{EC8C670E-F1EC-4CE5-831F-18910F72A54B}.Release|x64.ActiveCfg = Release|Any CPU
		{EC8C670E-F1EC-4CE5-831F-18910F72A54B}.Release|x64.Build.0 = Release|Any CPU
		{EC8C670E-F1EC-4CE5-831F-18910F72A54B}.Release|x86.ActiveCfg = Release|Any CPU
		{EC8C670E-F1EC-4CE5-831F-18910F72A54B}.Release|x86.Build.0 = Release|Any CPU
		{EC8C670E-F1EC-4CE5-831F-18910F72A54B}.Staging|Any CPU.ActiveCfg = Release|Any CPU
		{EC8C670E-F1EC-4CE5-831F-18910F72A54B}.Staging|Any CPU.Build.0 = Release|Any CPU
		{EC8C670E-F1EC-4CE5-831F-18910F72A54B}.Staging|x64.ActiveCfg = Release|Any CPU
		{EC8C670E-F1EC-4CE5-831F-18910F72A54B}.Staging|x64.Build.0 = Release|Any CPU
		{EC8C670E-F1EC-4CE5-831F-18910F72A54B}.Staging|x86.ActiveCfg = Release|Any CPU
		{EC8C670E-F1EC-4CE5-831F-18910F72A54B}.Staging|x86.Build.0 = Release|Any CPU
		{66A3D68A-FE52-4DA1-985B-70445018B69D}.Debug|Any CPU.ActiveCfg = Debug|Any CPU
		{66A3D68A-FE52-4DA1-985B-70445018B69D}.Debug|Any CPU.Build.0 = Debug|Any CPU
		{66A3D68A-FE52-4DA1-985B-70445018B69D}.Debug|x64.ActiveCfg = Debug|x64
		{66A3D68A-FE52-4DA1-985B-70445018B69D}.Debug|x64.Build.0 = Debug|x64
		{66A3D68A-FE52-4DA1-985B-70445018B69D}.Debug|x86.ActiveCfg = Debug|x86
		{66A3D68A-FE52-4DA1-985B-70445018B69D}.Debug|x86.Build.0 = Debug|x86
		{66A3D68A-FE52-4DA1-985B-70445018B69D}.Development|Any CPU.ActiveCfg = Debug|Any CPU
		{66A3D68A-FE52-4DA1-985B-70445018B69D}.Development|Any CPU.Build.0 = Debug|Any CPU
		{66A3D68A-FE52-4DA1-985B-70445018B69D}.Development|x64.ActiveCfg = Debug|x64
		{66A3D68A-FE52-4DA1-985B-70445018B69D}.Development|x64.Build.0 = Debug|x64
		{66A3D68A-FE52-4DA1-985B-70445018B69D}.Development|x86.ActiveCfg = Debug|x86
		{66A3D68A-FE52-4DA1-985B-70445018B69D}.Development|x86.Build.0 = Debug|x86
		{66A3D68A-FE52-4DA1-985B-70445018B69D}.Greg|Any CPU.ActiveCfg = Release|Any CPU
		{66A3D68A-FE52-4DA1-985B-70445018B69D}.Greg|Any CPU.Build.0 = Release|Any CPU
		{66A3D68A-FE52-4DA1-985B-70445018B69D}.Greg|x64.ActiveCfg = Release|x64
		{66A3D68A-FE52-4DA1-985B-70445018B69D}.Greg|x64.Build.0 = Release|x64
		{66A3D68A-FE52-4DA1-985B-70445018B69D}.Greg|x86.ActiveCfg = Release|x86
		{66A3D68A-FE52-4DA1-985B-70445018B69D}.Greg|x86.Build.0 = Release|x86
		{66A3D68A-FE52-4DA1-985B-70445018B69D}.Production|Any CPU.ActiveCfg = Release|Any CPU
		{66A3D68A-FE52-4DA1-985B-70445018B69D}.Production|Any CPU.Build.0 = Release|Any CPU
		{66A3D68A-FE52-4DA1-985B-70445018B69D}.Production|x64.ActiveCfg = Release|x64
		{66A3D68A-FE52-4DA1-985B-70445018B69D}.Production|x64.Build.0 = Release|x64
		{66A3D68A-FE52-4DA1-985B-70445018B69D}.Production|x86.ActiveCfg = Release|x86
		{66A3D68A-FE52-4DA1-985B-70445018B69D}.Production|x86.Build.0 = Release|x86
		{66A3D68A-FE52-4DA1-985B-70445018B69D}.Publish|Any CPU.ActiveCfg = Release|Any CPU
		{66A3D68A-FE52-4DA1-985B-70445018B69D}.Publish|Any CPU.Build.0 = Release|Any CPU
		{66A3D68A-FE52-4DA1-985B-70445018B69D}.Publish|x64.ActiveCfg = Release|x64
		{66A3D68A-FE52-4DA1-985B-70445018B69D}.Publish|x64.Build.0 = Release|x64
		{66A3D68A-FE52-4DA1-985B-70445018B69D}.Publish|x86.ActiveCfg = Release|x86
		{66A3D68A-FE52-4DA1-985B-70445018B69D}.Publish|x86.Build.0 = Release|x86
		{66A3D68A-FE52-4DA1-985B-70445018B69D}.Release|Any CPU.ActiveCfg = Release|Any CPU
		{66A3D68A-FE52-4DA1-985B-70445018B69D}.Release|Any CPU.Build.0 = Release|Any CPU
		{66A3D68A-FE52-4DA1-985B-70445018B69D}.Release|x64.ActiveCfg = Release|x64
		{66A3D68A-FE52-4DA1-985B-70445018B69D}.Release|x64.Build.0 = Release|x64
		{66A3D68A-FE52-4DA1-985B-70445018B69D}.Release|x86.ActiveCfg = Release|x86
		{66A3D68A-FE52-4DA1-985B-70445018B69D}.Release|x86.Build.0 = Release|x86
		{66A3D68A-FE52-4DA1-985B-70445018B69D}.Staging|Any CPU.ActiveCfg = Release|Any CPU
		{66A3D68A-FE52-4DA1-985B-70445018B69D}.Staging|Any CPU.Build.0 = Release|Any CPU
		{66A3D68A-FE52-4DA1-985B-70445018B69D}.Staging|x64.ActiveCfg = Release|x64
		{66A3D68A-FE52-4DA1-985B-70445018B69D}.Staging|x64.Build.0 = Release|x64
		{66A3D68A-FE52-4DA1-985B-70445018B69D}.Staging|x86.ActiveCfg = Release|x86
		{66A3D68A-FE52-4DA1-985B-70445018B69D}.Staging|x86.Build.0 = Release|x86
		{2FD7CD14-8712-4BD4-98DC-8C2F879AC104}.Debug|Any CPU.ActiveCfg = Debug|Any CPU
		{2FD7CD14-8712-4BD4-98DC-8C2F879AC104}.Debug|Any CPU.Build.0 = Debug|Any CPU
		{2FD7CD14-8712-4BD4-98DC-8C2F879AC104}.Debug|x64.ActiveCfg = Debug|x64
		{2FD7CD14-8712-4BD4-98DC-8C2F879AC104}.Debug|x64.Build.0 = Debug|x64
		{2FD7CD14-8712-4BD4-98DC-8C2F879AC104}.Debug|x86.ActiveCfg = Debug|x86
		{2FD7CD14-8712-4BD4-98DC-8C2F879AC104}.Debug|x86.Build.0 = Debug|x86
		{2FD7CD14-8712-4BD4-98DC-8C2F879AC104}.Development|Any CPU.ActiveCfg = Development|Any CPU
		{2FD7CD14-8712-4BD4-98DC-8C2F879AC104}.Development|Any CPU.Build.0 = Development|Any CPU
		{2FD7CD14-8712-4BD4-98DC-8C2F879AC104}.Development|x64.ActiveCfg = Development|x64
		{2FD7CD14-8712-4BD4-98DC-8C2F879AC104}.Development|x64.Build.0 = Development|x64
		{2FD7CD14-8712-4BD4-98DC-8C2F879AC104}.Development|x86.ActiveCfg = Development|x86
		{2FD7CD14-8712-4BD4-98DC-8C2F879AC104}.Development|x86.Build.0 = Development|x86
		{2FD7CD14-8712-4BD4-98DC-8C2F879AC104}.Greg|Any CPU.ActiveCfg = Staging|Any CPU
		{2FD7CD14-8712-4BD4-98DC-8C2F879AC104}.Greg|Any CPU.Build.0 = Staging|Any CPU
		{2FD7CD14-8712-4BD4-98DC-8C2F879AC104}.Greg|x64.ActiveCfg = Staging|x64
		{2FD7CD14-8712-4BD4-98DC-8C2F879AC104}.Greg|x64.Build.0 = Staging|x64
		{2FD7CD14-8712-4BD4-98DC-8C2F879AC104}.Greg|x86.ActiveCfg = Staging|x86
		{2FD7CD14-8712-4BD4-98DC-8C2F879AC104}.Greg|x86.Build.0 = Staging|x86
		{2FD7CD14-8712-4BD4-98DC-8C2F879AC104}.Production|Any CPU.ActiveCfg = Production|Any CPU
		{2FD7CD14-8712-4BD4-98DC-8C2F879AC104}.Production|Any CPU.Build.0 = Production|Any CPU
		{2FD7CD14-8712-4BD4-98DC-8C2F879AC104}.Production|x64.ActiveCfg = Production|x64
		{2FD7CD14-8712-4BD4-98DC-8C2F879AC104}.Production|x64.Build.0 = Production|x64
		{2FD7CD14-8712-4BD4-98DC-8C2F879AC104}.Production|x86.ActiveCfg = Production|x86
		{2FD7CD14-8712-4BD4-98DC-8C2F879AC104}.Production|x86.Build.0 = Production|x86
		{2FD7CD14-8712-4BD4-98DC-8C2F879AC104}.Publish|Any CPU.ActiveCfg = Production|Any CPU
		{2FD7CD14-8712-4BD4-98DC-8C2F879AC104}.Publish|Any CPU.Build.0 = Production|Any CPU
		{2FD7CD14-8712-4BD4-98DC-8C2F879AC104}.Publish|x64.ActiveCfg = Production|x64
		{2FD7CD14-8712-4BD4-98DC-8C2F879AC104}.Publish|x64.Build.0 = Production|x64
		{2FD7CD14-8712-4BD4-98DC-8C2F879AC104}.Publish|x86.ActiveCfg = Production|x86
		{2FD7CD14-8712-4BD4-98DC-8C2F879AC104}.Publish|x86.Build.0 = Production|x86
		{2FD7CD14-8712-4BD4-98DC-8C2F879AC104}.Release|Any CPU.ActiveCfg = Release|Any CPU
		{2FD7CD14-8712-4BD4-98DC-8C2F879AC104}.Release|Any CPU.Build.0 = Release|Any CPU
		{2FD7CD14-8712-4BD4-98DC-8C2F879AC104}.Release|x64.ActiveCfg = Release|x64
		{2FD7CD14-8712-4BD4-98DC-8C2F879AC104}.Release|x64.Build.0 = Release|x64
		{2FD7CD14-8712-4BD4-98DC-8C2F879AC104}.Release|x86.ActiveCfg = Release|x86
		{2FD7CD14-8712-4BD4-98DC-8C2F879AC104}.Release|x86.Build.0 = Release|x86
		{2FD7CD14-8712-4BD4-98DC-8C2F879AC104}.Staging|Any CPU.ActiveCfg = Staging|Any CPU
		{2FD7CD14-8712-4BD4-98DC-8C2F879AC104}.Staging|Any CPU.Build.0 = Staging|Any CPU
		{2FD7CD14-8712-4BD4-98DC-8C2F879AC104}.Staging|x64.ActiveCfg = Staging|x64
		{2FD7CD14-8712-4BD4-98DC-8C2F879AC104}.Staging|x64.Build.0 = Staging|x64
		{2FD7CD14-8712-4BD4-98DC-8C2F879AC104}.Staging|x86.ActiveCfg = Staging|x86
		{2FD7CD14-8712-4BD4-98DC-8C2F879AC104}.Staging|x86.Build.0 = Staging|x86
		{74F78A8A-A397-47B9-9755-59BA8EBDDF23}.Debug|Any CPU.ActiveCfg = Debug|Any CPU
		{74F78A8A-A397-47B9-9755-59BA8EBDDF23}.Debug|Any CPU.Build.0 = Debug|Any CPU
		{74F78A8A-A397-47B9-9755-59BA8EBDDF23}.Debug|x64.ActiveCfg = Debug|x64
		{74F78A8A-A397-47B9-9755-59BA8EBDDF23}.Debug|x64.Build.0 = Debug|x64
		{74F78A8A-A397-47B9-9755-59BA8EBDDF23}.Debug|x86.ActiveCfg = Debug|x86
		{74F78A8A-A397-47B9-9755-59BA8EBDDF23}.Debug|x86.Build.0 = Debug|x86
		{74F78A8A-A397-47B9-9755-59BA8EBDDF23}.Development|Any CPU.ActiveCfg = Development|Any CPU
		{74F78A8A-A397-47B9-9755-59BA8EBDDF23}.Development|Any CPU.Build.0 = Development|Any CPU
		{74F78A8A-A397-47B9-9755-59BA8EBDDF23}.Development|x64.ActiveCfg = Development|x64
		{74F78A8A-A397-47B9-9755-59BA8EBDDF23}.Development|x64.Build.0 = Development|x64
		{74F78A8A-A397-47B9-9755-59BA8EBDDF23}.Development|x86.ActiveCfg = Development|x86
		{74F78A8A-A397-47B9-9755-59BA8EBDDF23}.Development|x86.Build.0 = Development|x86
		{74F78A8A-A397-47B9-9755-59BA8EBDDF23}.Greg|Any CPU.ActiveCfg = Publish|Any CPU
		{74F78A8A-A397-47B9-9755-59BA8EBDDF23}.Greg|Any CPU.Build.0 = Publish|Any CPU
		{74F78A8A-A397-47B9-9755-59BA8EBDDF23}.Greg|x64.ActiveCfg = Publish|x64
		{74F78A8A-A397-47B9-9755-59BA8EBDDF23}.Greg|x64.Build.0 = Publish|x64
		{74F78A8A-A397-47B9-9755-59BA8EBDDF23}.Greg|x86.ActiveCfg = Publish|x86
		{74F78A8A-A397-47B9-9755-59BA8EBDDF23}.Greg|x86.Build.0 = Publish|x86
		{74F78A8A-A397-47B9-9755-59BA8EBDDF23}.Production|Any CPU.ActiveCfg = Production|Any CPU
		{74F78A8A-A397-47B9-9755-59BA8EBDDF23}.Production|Any CPU.Build.0 = Production|Any CPU
		{74F78A8A-A397-47B9-9755-59BA8EBDDF23}.Production|x64.ActiveCfg = Production|x64
		{74F78A8A-A397-47B9-9755-59BA8EBDDF23}.Production|x64.Build.0 = Production|x64
		{74F78A8A-A397-47B9-9755-59BA8EBDDF23}.Production|x86.ActiveCfg = Production|x86
		{74F78A8A-A397-47B9-9755-59BA8EBDDF23}.Production|x86.Build.0 = Production|x86
		{74F78A8A-A397-47B9-9755-59BA8EBDDF23}.Publish|Any CPU.ActiveCfg = Publish|Any CPU
		{74F78A8A-A397-47B9-9755-59BA8EBDDF23}.Publish|Any CPU.Build.0 = Publish|Any CPU
		{74F78A8A-A397-47B9-9755-59BA8EBDDF23}.Publish|x64.ActiveCfg = Publish|x64
		{74F78A8A-A397-47B9-9755-59BA8EBDDF23}.Publish|x64.Build.0 = Publish|x64
		{74F78A8A-A397-47B9-9755-59BA8EBDDF23}.Publish|x86.ActiveCfg = Publish|x86
		{74F78A8A-A397-47B9-9755-59BA8EBDDF23}.Publish|x86.Build.0 = Publish|x86
		{74F78A8A-A397-47B9-9755-59BA8EBDDF23}.Release|Any CPU.ActiveCfg = Release|Any CPU
		{74F78A8A-A397-47B9-9755-59BA8EBDDF23}.Release|Any CPU.Build.0 = Release|Any CPU
		{74F78A8A-A397-47B9-9755-59BA8EBDDF23}.Release|x64.ActiveCfg = Release|x64
		{74F78A8A-A397-47B9-9755-59BA8EBDDF23}.Release|x64.Build.0 = Release|x64
		{74F78A8A-A397-47B9-9755-59BA8EBDDF23}.Release|x86.ActiveCfg = Release|x86
		{74F78A8A-A397-47B9-9755-59BA8EBDDF23}.Release|x86.Build.0 = Release|x86
		{74F78A8A-A397-47B9-9755-59BA8EBDDF23}.Staging|Any CPU.ActiveCfg = Publish|Any CPU
		{74F78A8A-A397-47B9-9755-59BA8EBDDF23}.Staging|Any CPU.Build.0 = Publish|Any CPU
		{74F78A8A-A397-47B9-9755-59BA8EBDDF23}.Staging|x64.ActiveCfg = Publish|x64
		{74F78A8A-A397-47B9-9755-59BA8EBDDF23}.Staging|x64.Build.0 = Publish|x64
		{74F78A8A-A397-47B9-9755-59BA8EBDDF23}.Staging|x86.ActiveCfg = Publish|x86
		{74F78A8A-A397-47B9-9755-59BA8EBDDF23}.Staging|x86.Build.0 = Publish|x86
		{A3BEB719-D785-4498-AAF5-0DE8F829800C}.Debug|Any CPU.ActiveCfg = Debug|Any CPU
		{A3BEB719-D785-4498-AAF5-0DE8F829800C}.Debug|Any CPU.Build.0 = Debug|Any CPU
		{A3BEB719-D785-4498-AAF5-0DE8F829800C}.Debug|x64.ActiveCfg = Debug|x64
		{A3BEB719-D785-4498-AAF5-0DE8F829800C}.Debug|x64.Build.0 = Debug|x64
		{A3BEB719-D785-4498-AAF5-0DE8F829800C}.Debug|x86.ActiveCfg = Debug|x86
		{A3BEB719-D785-4498-AAF5-0DE8F829800C}.Debug|x86.Build.0 = Debug|x86
		{A3BEB719-D785-4498-AAF5-0DE8F829800C}.Development|Any CPU.ActiveCfg = Debug|Any CPU
		{A3BEB719-D785-4498-AAF5-0DE8F829800C}.Development|Any CPU.Build.0 = Debug|Any CPU
		{A3BEB719-D785-4498-AAF5-0DE8F829800C}.Development|x64.ActiveCfg = Debug|x64
		{A3BEB719-D785-4498-AAF5-0DE8F829800C}.Development|x64.Build.0 = Debug|x64
		{A3BEB719-D785-4498-AAF5-0DE8F829800C}.Development|x86.ActiveCfg = Debug|x86
		{A3BEB719-D785-4498-AAF5-0DE8F829800C}.Development|x86.Build.0 = Debug|x86
		{A3BEB719-D785-4498-AAF5-0DE8F829800C}.Greg|Any CPU.ActiveCfg = Release|Any CPU
		{A3BEB719-D785-4498-AAF5-0DE8F829800C}.Greg|Any CPU.Build.0 = Release|Any CPU
		{A3BEB719-D785-4498-AAF5-0DE8F829800C}.Greg|x64.ActiveCfg = Release|x64
		{A3BEB719-D785-4498-AAF5-0DE8F829800C}.Greg|x64.Build.0 = Release|x64
		{A3BEB719-D785-4498-AAF5-0DE8F829800C}.Greg|x86.ActiveCfg = Release|x86
		{A3BEB719-D785-4498-AAF5-0DE8F829800C}.Greg|x86.Build.0 = Release|x86
		{A3BEB719-D785-4498-AAF5-0DE8F829800C}.Production|Any CPU.ActiveCfg = Release|Any CPU
		{A3BEB719-D785-4498-AAF5-0DE8F829800C}.Production|Any CPU.Build.0 = Release|Any CPU
		{A3BEB719-D785-4498-AAF5-0DE8F829800C}.Production|x64.ActiveCfg = Release|x64
		{A3BEB719-D785-4498-AAF5-0DE8F829800C}.Production|x64.Build.0 = Release|x64
		{A3BEB719-D785-4498-AAF5-0DE8F829800C}.Production|x86.ActiveCfg = Release|x86
		{A3BEB719-D785-4498-AAF5-0DE8F829800C}.Production|x86.Build.0 = Release|x86
		{A3BEB719-D785-4498-AAF5-0DE8F829800C}.Publish|Any CPU.ActiveCfg = Release|Any CPU
		{A3BEB719-D785-4498-AAF5-0DE8F829800C}.Publish|Any CPU.Build.0 = Release|Any CPU
		{A3BEB719-D785-4498-AAF5-0DE8F829800C}.Publish|x64.ActiveCfg = Release|x64
		{A3BEB719-D785-4498-AAF5-0DE8F829800C}.Publish|x64.Build.0 = Release|x64
		{A3BEB719-D785-4498-AAF5-0DE8F829800C}.Publish|x86.ActiveCfg = Release|x86
		{A3BEB719-D785-4498-AAF5-0DE8F829800C}.Publish|x86.Build.0 = Release|x86
		{A3BEB719-D785-4498-AAF5-0DE8F829800C}.Release|Any CPU.ActiveCfg = Release|Any CPU
		{A3BEB719-D785-4498-AAF5-0DE8F829800C}.Release|Any CPU.Build.0 = Release|Any CPU
		{A3BEB719-D785-4498-AAF5-0DE8F829800C}.Release|x64.ActiveCfg = Release|x64
		{A3BEB719-D785-4498-AAF5-0DE8F829800C}.Release|x64.Build.0 = Release|x64
		{A3BEB719-D785-4498-AAF5-0DE8F829800C}.Release|x86.ActiveCfg = Release|x86
		{A3BEB719-D785-4498-AAF5-0DE8F829800C}.Release|x86.Build.0 = Release|x86
		{A3BEB719-D785-4498-AAF5-0DE8F829800C}.Staging|Any CPU.ActiveCfg = Release|Any CPU
		{A3BEB719-D785-4498-AAF5-0DE8F829800C}.Staging|Any CPU.Build.0 = Release|Any CPU
		{A3BEB719-D785-4498-AAF5-0DE8F829800C}.Staging|x64.ActiveCfg = Release|x64
		{A3BEB719-D785-4498-AAF5-0DE8F829800C}.Staging|x64.Build.0 = Release|x64
		{A3BEB719-D785-4498-AAF5-0DE8F829800C}.Staging|x86.ActiveCfg = Release|x86
		{A3BEB719-D785-4498-AAF5-0DE8F829800C}.Staging|x86.Build.0 = Release|x86
		{186C915A-633C-4DCC-955F-A70771D790F6}.Debug|Any CPU.ActiveCfg = Debug|Any CPU
		{186C915A-633C-4DCC-955F-A70771D790F6}.Debug|Any CPU.Build.0 = Debug|Any CPU
		{186C915A-633C-4DCC-955F-A70771D790F6}.Debug|x64.ActiveCfg = Debug|x64
		{186C915A-633C-4DCC-955F-A70771D790F6}.Debug|x64.Build.0 = Debug|x64
		{186C915A-633C-4DCC-955F-A70771D790F6}.Debug|x86.ActiveCfg = Debug|x86
		{186C915A-633C-4DCC-955F-A70771D790F6}.Debug|x86.Build.0 = Debug|x86
		{186C915A-633C-4DCC-955F-A70771D790F6}.Development|Any CPU.ActiveCfg = Debug|Any CPU
		{186C915A-633C-4DCC-955F-A70771D790F6}.Development|Any CPU.Build.0 = Debug|Any CPU
		{186C915A-633C-4DCC-955F-A70771D790F6}.Development|x64.ActiveCfg = Debug|x64
		{186C915A-633C-4DCC-955F-A70771D790F6}.Development|x64.Build.0 = Debug|x64
		{186C915A-633C-4DCC-955F-A70771D790F6}.Development|x86.ActiveCfg = Debug|x86
		{186C915A-633C-4DCC-955F-A70771D790F6}.Development|x86.Build.0 = Debug|x86
		{186C915A-633C-4DCC-955F-A70771D790F6}.Greg|Any CPU.ActiveCfg = Release|Any CPU
		{186C915A-633C-4DCC-955F-A70771D790F6}.Greg|Any CPU.Build.0 = Release|Any CPU
		{186C915A-633C-4DCC-955F-A70771D790F6}.Greg|x64.ActiveCfg = Release|x64
		{186C915A-633C-4DCC-955F-A70771D790F6}.Greg|x64.Build.0 = Release|x64
		{186C915A-633C-4DCC-955F-A70771D790F6}.Greg|x86.ActiveCfg = Release|x86
		{186C915A-633C-4DCC-955F-A70771D790F6}.Greg|x86.Build.0 = Release|x86
		{186C915A-633C-4DCC-955F-A70771D790F6}.Production|Any CPU.ActiveCfg = Release|Any CPU
		{186C915A-633C-4DCC-955F-A70771D790F6}.Production|Any CPU.Build.0 = Release|Any CPU
		{186C915A-633C-4DCC-955F-A70771D790F6}.Production|x64.ActiveCfg = Release|x64
		{186C915A-633C-4DCC-955F-A70771D790F6}.Production|x64.Build.0 = Release|x64
		{186C915A-633C-4DCC-955F-A70771D790F6}.Production|x86.ActiveCfg = Release|x86
		{186C915A-633C-4DCC-955F-A70771D790F6}.Production|x86.Build.0 = Release|x86
		{186C915A-633C-4DCC-955F-A70771D790F6}.Publish|Any CPU.ActiveCfg = Release|Any CPU
		{186C915A-633C-4DCC-955F-A70771D790F6}.Publish|Any CPU.Build.0 = Release|Any CPU
		{186C915A-633C-4DCC-955F-A70771D790F6}.Publish|x64.ActiveCfg = Release|x64
		{186C915A-633C-4DCC-955F-A70771D790F6}.Publish|x64.Build.0 = Release|x64
		{186C915A-633C-4DCC-955F-A70771D790F6}.Publish|x86.ActiveCfg = Release|x86
		{186C915A-633C-4DCC-955F-A70771D790F6}.Publish|x86.Build.0 = Release|x86
		{186C915A-633C-4DCC-955F-A70771D790F6}.Release|Any CPU.ActiveCfg = Release|Any CPU
		{186C915A-633C-4DCC-955F-A70771D790F6}.Release|Any CPU.Build.0 = Release|Any CPU
		{186C915A-633C-4DCC-955F-A70771D790F6}.Release|x64.ActiveCfg = Release|x64
		{186C915A-633C-4DCC-955F-A70771D790F6}.Release|x64.Build.0 = Release|x64
		{186C915A-633C-4DCC-955F-A70771D790F6}.Release|x86.ActiveCfg = Release|x86
		{186C915A-633C-4DCC-955F-A70771D790F6}.Release|x86.Build.0 = Release|x86
		{186C915A-633C-4DCC-955F-A70771D790F6}.Staging|Any CPU.ActiveCfg = Release|Any CPU
		{186C915A-633C-4DCC-955F-A70771D790F6}.Staging|Any CPU.Build.0 = Release|Any CPU
		{186C915A-633C-4DCC-955F-A70771D790F6}.Staging|x64.ActiveCfg = Release|x64
		{186C915A-633C-4DCC-955F-A70771D790F6}.Staging|x64.Build.0 = Release|x64
		{186C915A-633C-4DCC-955F-A70771D790F6}.Staging|x86.ActiveCfg = Release|x86
		{186C915A-633C-4DCC-955F-A70771D790F6}.Staging|x86.Build.0 = Release|x86
	EndGlobalSection
	GlobalSection(SolutionProperties) = preSolution
		HideSolutionNode = FALSE
	EndGlobalSection
EndGlobal
